// !$*UTF8*$!
{
	archiveVersion = 1;
	classes = {
	};
	objectVersion = 50;
	objects = {

/* Begin PBXBuildFile section */
		AB91BE762694E3F60075ECD8 /* AppDelegate.swift in Sources */ = {isa = PBXBuildFile; fileRef = AB91BE752694E3F60075ECD8 /* AppDelegate.swift */; };
		AB91BE782694E3F60075ECD8 /* SceneDelegate.swift in Sources */ = {isa = PBXBuildFile; fileRef = AB91BE772694E3F60075ECD8 /* SceneDelegate.swift */; };
		AB91BE7A2694E3F60075ECD8 /* ViewController.swift in Sources */ = {isa = PBXBuildFile; fileRef = AB91BE792694E3F60075ECD8 /* ViewController.swift */; };
		AB91BE7D2694E3F60075ECD8 /* Main.storyboard in Resources */ = {isa = PBXBuildFile; fileRef = AB91BE7B2694E3F60075ECD8 /* Main.storyboard */; };
		AB91BE7F2694E3F70075ECD8 /* Assets.xcassets in Resources */ = {isa = PBXBuildFile; fileRef = AB91BE7E2694E3F70075ECD8 /* Assets.xcassets */; };
		AB91BE822694E3F70075ECD8 /* LaunchScreen.storyboard in Resources */ = {isa = PBXBuildFile; fileRef = AB91BE802694E3F70075ECD8 /* LaunchScreen.storyboard */; };
/* End PBXBuildFile section */

/* Begin PBXFileReference section */
		AB91BE722694E3F60075ECD8 /* KaznacheevAS_HW2.1.2.app */ = {isa = PBXFileReference; explicitFileType = wrapper.application; includeInIndex = 0; path = KaznacheevAS_HW2.1.2.app; sourceTree = BUILT_PRODUCTS_DIR; };
		AB91BE752694E3F60075ECD8 /* AppDelegate.swift */ = {isa = PBXFileReference; lastKnownFileType = sourcecode.swift; path = AppDelegate.swift; sourceTree = "<group>"; };
		AB91BE772694E3F60075ECD8 /* SceneDelegate.swift */ = {isa = PBXFileReference; lastKnownFileType = sourcecode.swift; path = SceneDelegate.swift; sourceTree = "<group>"; };
		AB91BE792694E3F60075ECD8 /* ViewController.swift */ = {isa = PBXFileReference; lastKnownFileType = sourcecode.swift; path = ViewController.swift; sourceTree = "<group>"; };
		AB91BE7C2694E3F60075ECD8 /* Base */ = {isa = PBXFileReference; lastKnownFileType = file.storyboard; name = Base; path = Base.lproj/Main.storyboard; sourceTree = "<group>"; };
		AB91BE7E2694E3F70075ECD8 /* Assets.xcassets */ = {isa = PBXFileReference; lastKnownFileType = folder.assetcatalog; path = Assets.xcassets; sourceTree = "<group>"; };
		AB91BE812694E3F70075ECD8 /* Base */ = {isa = PBXFileReference; lastKnownFileType = file.storyboard; name = Base; path = Base.lproj/LaunchScreen.storyboard; sourceTree = "<group>"; };
		AB91BE832694E3F70075ECD8 /* Info.plist */ = {isa = PBXFileReference; lastKnownFileType = text.plist.xml; path = Info.plist; sourceTree = "<group>"; };
/* End PBXFileReference section */

/* Begin PBXFrameworksBuildPhase section */
		AB91BE6F2694E3F60075ECD8 /* Frameworks */ = {
			isa = PBXFrameworksBuildPhase;
			buildActionMask = 2147483647;
			files = (
			);
			runOnlyForDeploymentPostprocessing = 0;
		};
/* End PBXFrameworksBuildPhase section */

/* Begin PBXGroup section */
		AB91BE692694E3F60075ECD8 = {
			isa = PBXGroup;
			children = (
				AB91BE742694E3F60075ECD8 /* KaznacheevAS_HW2.1.2 */,
				AB91BE732694E3F60075ECD8 /* Products */,
			);
			sourceTree = "<group>";
		};
		AB91BE732694E3F60075ECD8 /* Products */ = {
			isa = PBXGroup;
			children = (
				AB91BE722694E3F60075ECD8 /* KaznacheevAS_HW2.1.2.app */,
			);
			name = Products;
			sourceTree = "<group>";
		};
		AB91BE742694E3F60075ECD8 /* KaznacheevAS_HW2.1.2 */ = {
			isa = PBXGroup;
			children = (
				AB91BE752694E3F60075ECD8 /* AppDelegate.swift */,
				AB91BE772694E3F60075ECD8 /* SceneDelegate.swift */,
				AB91BE792694E3F60075ECD8 /* ViewController.swift */,
				AB91BE7B2694E3F60075ECD8 /* Main.storyboard */,
				AB91BE7E2694E3F70075ECD8 /* Assets.xcassets */,
				AB91BE802694E3F70075ECD8 /* LaunchScreen.storyboard */,
				AB91BE832694E3F70075ECD8 /* Info.plist */,
			);
			path = KaznacheevAS_HW2.1.2;
			sourceTree = "<group>";
		};
/* End PBXGroup section */

/* Begin PBXNativeTarget section */
		AB91BE712694E3F60075ECD8 /* KaznacheevAS_HW2.1.2 */ = {
			isa = PBXNativeTarget;
			buildConfigurationList = AB91BE862694E3F70075ECD8 /* Build configuration list for PBXNativeTarget "KaznacheevAS_HW2.1.2" */;
			buildPhases = (
				AB91BE6E2694E3F60075ECD8 /* Sources */,
				AB91BE6F2694E3F60075ECD8 /* Frameworks */,
				AB91BE702694E3F60075ECD8 /* Resources */,
			);
			buildRules = (
			);
			dependencies = (
			);
			name = KaznacheevAS_HW2.1.2;
			productName = KaznacheevAS_HW2.1.2;
			productReference = AB91BE722694E3F60075ECD8 /* KaznacheevAS_HW2.1.2.app */;
			productType = "com.apple.product-type.application";
		};
/* End PBXNativeTarget section */

/* Begin PBXProject section */
		AB91BE6A2694E3F60075ECD8 /* Project object */ = {
			isa = PBXProject;
			attributes = {
				LastSwiftUpdateCheck = 1250;
				LastUpgradeCheck = 1250;
				TargetAttributes = {
					AB91BE712694E3F60075ECD8 = {
						CreatedOnToolsVersion = 12.5.1;
					};
				};
			};
			buildConfigurationList = AB91BE6D2694E3F60075ECD8 /* Build configuration list for PBXProject "KaznacheevAS_HW2.1.2" */;
			compatibilityVersion = "Xcode 9.3";
			developmentRegion = en;
			hasScannedForEncodings = 0;
			knownRegions = (
				en,
				Base,
			);
			mainGroup = AB91BE692694E3F60075ECD8;
			productRefGroup = AB91BE732694E3F60075ECD8 /* Products */;
			projectDirPath = "";
			projectRoot = "";
			targets = (
				AB91BE712694E3F60075ECD8 /* KaznacheevAS_HW2.1.2 */,
			);
		};
/* End PBXProject section */

/* Begin PBXResourcesBuildPhase section */
		AB91BE702694E3F60075ECD8 /* Resources */ = {
			isa = PBXResourcesBuildPhase;
			buildActionMask = 2147483647;
			files = (
				AB91BE822694E3F70075ECD8 /* LaunchScreen.storyboard in Resources */,
				AB91BE7F2694E3F70075ECD8 /* Assets.xcassets in Resources */,
				AB91BE7D2694E3F60075ECD8 /* Main.storyboard in Resources */,
			);
			runOnlyForDeploymentPostprocessing = 0;
		};
/* End PBXResourcesBuildPhase section */

/* Begin PBXSourcesBuildPhase section */
		AB91BE6E2694E3F60075ECD8 /* Sources */ = {
			isa = PBXSourcesBuildPhase;
			buildActionMask = 2147483647;
			files = (
				AB91BE7A2694E3F60075ECD8 /* ViewController.swift in Sources */,
				AB91BE762694E3F60075ECD8 /* AppDelegate.swift in Sources */,
				AB91BE782694E3F60075ECD8 /* SceneDelegate.swift in Sources */,
			);
			runOnlyForDeploymentPostprocessing = 0;
		};
/* End PBXSourcesBuildPhase section */

/* Begin PBXVariantGroup section */
		AB91BE7B2694E3F60075ECD8 /* Main.storyboard */ = {
			isa = PBXVariantGroup;
			children = (
				AB91BE7C2694E3F60075ECD8 /* Base */,
			);
			name = Main.storyboard;
			sourceTree = "<group>";
		};
		AB91BE802694E3F70075ECD8 /* LaunchScreen.storyboard */ = {
			isa = PBXVariantGroup;
			children = (
				AB91BE812694E3F70075ECD8 /* Base */,
			);
			name = LaunchScreen.storyboard;
			sourceTree = "<group>";
		};
/* End PBXVariantGroup section */

/* Begin XCBuildConfiguration section */
		AB91BE842694E3F70075ECD8 /* Debug */ = {
			isa = XCBuildConfiguration;
			buildSettings = {
				ALWAYS_SEARCH_USER_PATHS = NO;
				CLANG_ANALYZER_NONNULL = YES;
				CLANG_ANALYZER_NUMBER_OBJECT_CONVERSION = YES_AGGRESSIVE;
				CLANG_CXX_LANGUAGE_STANDARD = "gnu++14";
				CLANG_CXX_LIBRARY = "libc++";
				CLANG_ENABLE_MODULES = YES;
				CLANG_ENABLE_OBJC_ARC = YES;
				CLANG_ENABLE_OBJC_WEAK = YES;
				CLANG_WARN_BLOCK_CAPTURE_AUTORELEASING = YES;
				CLANG_WARN_BOOL_CONVERSION = YES;
				CLANG_WARN_COMMA = YES;
				CLANG_WARN_CONSTANT_CONVERSION = YES;
				CLANG_WARN_DEPRECATED_OBJC_IMPLEMENTATIONS = YES;
				CLANG_WARN_DIRECT_OBJC_ISA_USAGE = YES_ERROR;
				CLANG_WARN_DOCUMENTATION_COMMENTS = YES;
				CLANG_WARN_EMPTY_BODY = YES;
				CLANG_WARN_ENUM_CONVERSION = YES;
				CLANG_WARN_INFINITE_RECURSION = YES;
				CLANG_WARN_INT_CONVERSION = YES;
				CLANG_WARN_NON_LITERAL_NULL_CONVERSION = YES;
				CLANG_WARN_OBJC_IMPLICIT_RETAIN_SELF = YES;
				CLANG_WARN_OBJC_LITERAL_CONVERSION = YES;
				CLANG_WARN_OBJC_ROOT_CLASS = YES_ERROR;
				CLANG_WARN_QUOTED_INCLUDE_IN_FRAMEWORK_HEADER = YES;
				CLANG_WARN_RANGE_LOOP_ANALYSIS = YES;
				CLANG_WARN_STRICT_PROTOTYPES = YES;
				CLANG_WARN_SUSPICIOUS_MOVE = YES;
				CLANG_WARN_UNGUARDED_AVAILABILITY = YES_AGGRESSIVE;
				CLANG_WARN_UNREACHABLE_CODE = YES;
				CLANG_WARN__DUPLICATE_METHOD_MATCH = YES;
				COPY_PHASE_STRIP = NO;
				DEBUG_INFORMATION_FORMAT = dwarf;
				ENABLE_STRICT_OBJC_MSGSEND = YES;
				ENABLE_TESTABILITY = YES;
				GCC_C_LANGUAGE_STANDARD = gnu11;
				GCC_DYNAMIC_NO_PIC = NO;
				GCC_NO_COMMON_BLOCKS = YES;
				GCC_OPTIMIZATION_LEVEL = 0;
				GCC_PREPROCESSOR_DEFINITIONS = (
					"DEBUG=1",
					"$(inherited)",
				);
				GCC_WARN_64_TO_32_BIT_CONVERSION = YES;
				GCC_WARN_ABOUT_RETURN_TYPE = YES_ERROR;
				GCC_WARN_UNDECLARED_SELECTOR = YES;
				GCC_WARN_UNINITIALIZED_AUTOS = YES_AGGRESSIVE;
				GCC_WARN_UNUSED_FUNCTION = YES;
				GCC_WARN_UNUSED_VARIABLE = YES;
				IPHONEOS_DEPLOYMENT_TARGET = 14.5;
				MTL_ENABLE_DEBUG_INFO = INCLUDE_SOURCE;
				MTL_FAST_MATH = YES;
				ONLY_ACTIVE_ARCH = YES;
				SDKROOT = iphoneos;
				SWIFT_ACTIVE_COMPILATION_CONDITIONS = DEBUG;
				SWIFT_OPTIMIZATION_LEVEL = "-Onone";
			};
			name = Debug;
		};
		AB91BE852694E3F70075ECD8 /* Release */ = {
			isa = XCBuildConfiguration;
			buildSettings = {
				ALWAYS_SEARCH_USER_PATHS = NO;
				CLANG_ANALYZER_NONNULL = YES;
				CLANG_ANALYZER_NUMBER_OBJECT_CONVERSION = YES_AGGRESSIVE;
				CLANG_CXX_LANGUAGE_STANDARD = "gnu++14";
				CLANG_CXX_LIBRARY = "libc++";
				CLANG_ENABLE_MODULES = YES;
				CLANG_ENABLE_OBJC_ARC = YES;
				CLANG_ENABLE_OBJC_WEAK = YES;
				CLANG_WARN_BLOCK_CAPTURE_AUTORELEASING = YES;
				CLANG_WARN_BOOL_CONVERSION = YES;
				CLANG_WARN_COMMA = YES;
				CLANG_WARN_CONSTANT_CONVERSION = YES;
				CLANG_WARN_DEPRECATED_OBJC_IMPLEMENTATIONS = YES;
				CLANG_WARN_DIRECT_OBJC_ISA_USAGE = YES_ERROR;
				CLANG_WARN_DOCUMENTATION_COMMENTS = YES;
				CLANG_WARN_EMPTY_BODY = YES;
				CLANG_WARN_ENUM_CONVERSION = YES;
				CLANG_WARN_INFINITE_RECURSION = YES;
				CLANG_WARN_INT_CONVERSION = YES;
				CLANG_WARN_NON_LITERAL_NULL_CONVERSION = YES;
				CLANG_WARN_OBJC_IMPLICIT_RETAIN_SELF = YES;
				CLANG_WARN_OBJC_LITERAL_CONVERSION = YES;
				CLANG_WARN_OBJC_ROOT_CLASS = YES_ERROR;
				CLANG_WARN_QUOTED_INCLUDE_IN_FRAMEWORK_HEADER = YES;
				CLANG_WARN_RANGE_LOOP_ANALYSIS = YES;
				CLANG_WARN_STRICT_PROTOTYPES = YES;
				CLANG_WARN_SUSPICIOUS_MOVE = YES;
				CLANG_WARN_UNGUARDED_AVAILABILITY = YES_AGGRESSIVE;
				CLANG_WARN_UNREACHABLE_CODE = YES;
				CLANG_WARN__DUPLICATE_METHOD_MATCH = YES;
				COPY_PHASE_STRIP = NO;
				DEBUG_INFORMATION_FORMAT = "dwarf-with-dsym";
				ENABLE_NS_ASSERTIONS = NO;
				ENABLE_STRICT_OBJC_MSGSEND = YES;
				GCC_C_LANGUAGE_STANDARD = gnu11;
				GCC_NO_COMMON_BLOCKS = YES;
				GCC_WARN_64_TO_32_BIT_CONVERSION = YES;
				GCC_WARN_ABOUT_RETURN_TYPE = YES_ERROR;
				GCC_WARN_UNDECLARED_SELECTOR = YES;
				GCC_WARN_UNINITIALIZED_AUTOS = YES_AGGRESSIVE;
				GCC_WARN_UNUSED_FUNCTION = YES;
				GCC_WARN_UNUSED_VARIABLE = YES;
				IPHONEOS_DEPLOYMENT_TARGET = 14.5;
				MTL_ENABLE_DEBUG_INFO = NO;
				MTL_FAST_MATH = YES;
				SDKROOT = iphoneos;
				SWIFT_COMPILATION_MODE = wholemodule;
				SWIFT_OPTIMIZATION_LEVEL = "-O";
				VALIDATE_PRODUCT = YES;
			};
			name = Release;
		};
		AB91BE872694E3F70075ECD8 /* Debug */ = {
			isa = XCBuildConfiguration;
			buildSettings = {
				ASSETCATALOG_COMPILER_APPICON_NAME = AppIcon;
				ASSETCATALOG_COMPILER_GLOBAL_ACCENT_COLOR_NAME = AccentColor;
				CODE_SIGN_STYLE = Automatic;
				DEVELOPMENT_TEAM = K55575G49V;
				INFOPLIST_FILE = KaznacheevAS_HW2.1.2/Info.plist;
				LD_RUNPATH_SEARCH_PATHS = (
					"$(inherited)",
					"@executable_path/Frameworks",
				);
				PRODUCT_BUNDLE_IDENTIFIER = "group.kaznacheev.KaznacheevAS-HW2-1-2";
				PRODUCT_NAME = "$(TARGET_NAME)";
				SWIFT_VERSION = 5.0;
				TARGETED_DEVICE_FAMILY = "1,2";
			};
			name = Debug;
		};
		AB91BE882694E3F70075ECD8 /* Release */ = {
			isa = XCBuildConfiguration;
			buildSettings = {
				ASSETCATALOG_COMPILER_APPICON_NAME = AppIcon;
				ASSETCATALOG_COMPILER_GLOBAL_ACCENT_COLOR_NAME = AccentColor;
				CODE_SIGN_STYLE = Automatic;
				DEVELOPMENT_TEAM = K55575G49V;
				INFOPLIST_FILE = KaznacheevAS_HW2.1.2/Info.plist;
				LD_RUNPATH_SEARCH_PATHS = (
					"$(inherited)",
					"@executable_path/Frameworks",
				);
				PRODUCT_BUNDLE_IDENTIFIER = "group.kaznacheev.KaznacheevAS-HW2-1-2";
				PRODUCT_NAME = "$(TARGET_NAME)";
				SWIFT_VERSION = 5.0;
				TARGETED_DEVICE_FAMILY = "1,2";
			};
			name = Release;
		};
/* End XCBuildConfiguration section */

/* Begin XCConfigurationList section */
		AB91BE6D2694E3F60075ECD8 /* Build configuration list for PBXProject "KaznacheevAS_HW2.1.2" */ = {
			isa = XCConfigurationList;
			buildConfigurations = (
				AB91BE842694E3F70075ECD8 /* Debug */,
				AB91BE852694E3F70075ECD8 /* Release */,
			);
			defaultConfigurationIsVisible = 0;
			defaultConfigurationName = Release;
		};
		AB91BE862694E3F70075ECD8 /* Build configuration list for PBXNativeTarget "KaznacheevAS_HW2.1.2" */ = {
			isa = XCConfigurationList;
			buildConfigurations = (
				AB91BE872694E3F70075ECD8 /* Debug */,
				AB91BE882694E3F70075ECD8 /* Release */,
			);
			defaultConfigurationIsVisible = 0;
			defaultConfigurationName = Release;
		};
/* End XCConfigurationList section */
	};
	rootObject = AB91BE6A2694E3F60075ECD8 /* Project object */;
}
